
Microsoft Visual Studio Solution File, Format Version 12.00
# Visual Studio Version 17
VisualStudioVersion = 17.2.32616.157
MinimumVisualStudioVersion = 10.0.40219.1
Project("{F184B08F-C81C-45F6-A57F-5ABD9991F28F}") = "Q206CameraConfigTool", "Q206CameraConfigTool.vbproj", "{2EBA8D82-7674-4DB4-9EBA-F5B4AE0BA43B}"
EndProject
Global
	GlobalSection(SolutionConfigurationPlatforms) = preSolution
		Debug|Any CPU = Debug|Any CPU
		Release|Any CPU = Release|Any CPU
	EndGlobalSection
	GlobalSection(ProjectConfigurationPlatforms) = postSolution
		{2EBA8D82-7674-4DB4-9EBA-F5B4AE0BA43B}.Debug|Any CPU.ActiveCfg = Debug|Any CPU
		{2EBA8D82-7674-4DB4-9EBA-F5B4AE0BA43B}.Debug|Any CPU.Build.0 = Debug|Any CPU
		{2EBA8D82-7674-4DB4-9EBA-F5B4AE0BA43B}.Release|Any CPU.ActiveCfg = Release|Any CPU
		{2EBA8D82-7674-4DB4-9EBA-F5B4AE0BA43B}.Release|Any CPU.Build.0 = Release|Any CPU
	EndGlobalSection
	GlobalSection(SolutionProperties) = preSolution
		HideSolutionNode = FALSE
	EndGlobalSection
	GlobalSection(ExtensibilityGlobals) = postSolution
		SolutionGuid = {B87325E7-5217-49CA-A3D0-9E64FB1DC97A}
	EndGlobalSection
EndGlobal
